<?xml version="1.0" encoding="utf-8"?>
<Project ToolsVersion="4.0" xmlns="http://schemas.microsoft.com/developer/msbuild/2003">
  <ItemGroup>
    <Filter Include="SDK">
      <UniqueIdentifier>{b6030219-6292-4897-8ac8-f506ad04686c}</UniqueIdentifier>
    </Filter>
    <Filter Include="SourceMod">
      <UniqueIdentifier>{7144b0a4-1cca-427e-809c-4407a7e5d532}</UniqueIdentifier>
    </Filter>
    <Filter Include="Viper">
      <UniqueIdentifier>{ecc8006b-59b0-46e3-9d83-28c25b7059ce}</UniqueIdentifier>
    </Filter>
    <Filter Include="BitBuf">
      <UniqueIdentifier>{e6b51bf4-8aca-426e-bd57-76f65a8f2f34}</UniqueIdentifier>
    </Filter>
    <Filter Include="Datatypes">
      <UniqueIdentifier>{801de44d-04fa-4406-b5c7-ad3a7ec45f27}</UniqueIdentifier>
    </Filter>
    <Filter Include="Entity">
      <UniqueIdentifier>{cc9c73c6-006c-473e-8842-31bc5971aa11}</UniqueIdentifier>
    </Filter>
    <Filter Include="Forwards">
      <UniqueIdentifier>{715e68c8-55c4-4f49-bb70-5e2b8568936d}</UniqueIdentifier>
    </Filter>
    <Filter Include="Halflife">
      <UniqueIdentifier>{54923ff9-c1ac-4649-94df-8b038fd46baa}</UniqueIdentifier>
    </Filter>
    <Filter Include="Sys">
      <UniqueIdentifier>{813adaad-727f-4eaa-9acf-b62396f16db9}</UniqueIdentifier>
    </Filter>
    <Filter Include="Clients">
      <UniqueIdentifier>{9c322de6-c833-4b6c-a6e1-15e8cbda1197}</UniqueIdentifier>
    </Filter>
  </ItemGroup>
  <ItemGroup>
    <ClCompile Include="..\sdk\smsdk_ext.cpp">
      <Filter>SDK</Filter>
    </ClCompile>
    <ClCompile Include="..\Util.cpp" />
    <ClCompile Include="..\CompatWrappers.cpp" />
    <ClCompile Include="..\Globals.cpp" />
    <ClCompile Include="..\ViperExtension.cpp" />
    <ClCompile Include="..\ViperPlugin.cpp" />
    <ClCompile Include="..\BitBufModule.cpp">
      <Filter>BitBuf</Filter>
    </ClCompile>
    <ClCompile Include="..\BitBufReadType.cpp">
      <Filter>BitBuf</Filter>
    </ClCompile>
    <ClCompile Include="..\BitBufType.cpp">
      <Filter>BitBuf</Filter>
    </ClCompile>
    <ClCompile Include="..\BitBufVectorException.cpp">
      <Filter>BitBuf</Filter>
    </ClCompile>
    <ClCompile Include="..\ColorType.cpp">
      <Filter>Datatypes</Filter>
    </ClCompile>
    <ClCompile Include="..\DatatypesModule.cpp">
      <Filter>Datatypes</Filter>
    </ClCompile>
    <ClCompile Include="..\VectorType.cpp">
      <Filter>Datatypes</Filter>
    </ClCompile>
    <ClCompile Include="..\EdictType.cpp">
      <Filter>Entity</Filter>
    </ClCompile>
    <ClCompile Include="..\EntityClassType.cpp">
      <Filter>Entity</Filter>
    </ClCompile>
    <ClCompile Include="..\EntityModule.cpp">
      <Filter>Entity</Filter>
    </ClCompile>
    <ClCompile Include="..\EntityType.cpp">
      <Filter>Entity</Filter>
    </ClCompile>
    <ClCompile Include="..\InvalidEdictExceptionType.cpp">
      <Filter>Entity</Filter>
    </ClCompile>
    <ClCompile Include="..\ForwardsModule.cpp">
      <Filter>Forwards</Filter>
    </ClCompile>
    <ClCompile Include="..\ForwardType.cpp">
      <Filter>Forwards</Filter>
    </ClCompile>
    <ClCompile Include="..\HalflifeModule.cpp">
      <Filter>Halflife</Filter>
    </ClCompile>
    <ClCompile Include="..\SourcemodModule.cpp">
      <Filter>SourceMod</Filter>
    </ClCompile>
    <ClCompile Include="..\LoadExtensionException.cpp">
      <Filter>SourceMod</Filter>
    </ClCompile>
    <ClCompile Include="..\NullReferenceExceptionType.cpp">
      <Filter>Sys</Filter>
    </ClCompile>
    <ClCompile Include="..\StdIoRedirect.cpp">
      <Filter>Sys</Filter>
    </ClCompile>
    <ClCompile Include="..\SysHooks.cpp">
      <Filter>Sys</Filter>
    </ClCompile>
    <ClCompile Include="..\ViperPluginManager.cpp" />
    <ClCompile Include="..\InterfaceContainer.cpp" />
    <ClCompile Include="..\ForwardsClientListener.cpp">
      <Filter>Forwards</Filter>
    </ClCompile>
    <ClCompile Include="..\ClientsModule.cpp">
      <Filter>Clients</Filter>
    </ClCompile>
    <ClCompile Include="..\ClientType.cpp">
      <Filter>Clients</Filter>
    </ClCompile>
    <ClCompile Include="..\InvalidEntityExceptionType.cpp">
      <Filter>Entity</Filter>
    </ClCompile>
    <ClCompile Include="..\ClientIndexOutOfRangeExceptionType.cpp">
      <Filter>Clients</Filter>
    </ClCompile>
  </ItemGroup>
  <ItemGroup>
    <ClInclude Include="..\sdk\smsdk_config.h">
      <Filter>SDK</Filter>
    </ClInclude>
    <ClInclude Include="..\sdk\smsdk_ext.h">
      <Filter>SDK</Filter>
    </ClInclude>
    <ClInclude Include="..\sourcemod\convar_sm.h">
      <Filter>SourceMod</Filter>
    </ClInclude>
    <ClInclude Include="..\sourcemod\convar_sm_l4d.h">
      <Filter>SourceMod</Filter>
    </ClInclude>
    <ClInclude Include="..\sourcemod\convar_sm_ob.h">
      <Filter>SourceMod</Filter>
    </ClInclude>
    <ClInclude Include="..\HL2SDK.h" />
    <ClInclude Include="..\Util.h" />
    <ClInclude Include="..\STL.h" />
    <ClInclude Include="..\Macros.h" />
    <ClInclude Include="..\CompatWrappers.h" />
    <ClInclude Include="..\Globals.h" />
    <ClInclude Include="..\BoostPythonSM.h" />
    <ClInclude Include="..\ViperExtension.h" />
    <ClInclude Include="..\ViperPlugin.h" />
    <ClInclude Include="..\BitBufCell.h">
      <Filter>BitBuf</Filter>
    </ClInclude>
    <ClInclude Include="..\BitBufModule.h">
      <Filter>BitBuf</Filter>
    </ClInclude>
    <ClInclude Include="..\BitBufReadType.h">
      <Filter>BitBuf</Filter>
    </ClInclude>
    <ClInclude Include="..\BitBufType.h">
      <Filter>BitBuf</Filter>
    </ClInclude>
    <ClInclude Include="..\BitBufTypes.h">
      <Filter>BitBuf</Filter>
    </ClInclude>
    <ClInclude Include="..\BitBufVectorException.h">
      <Filter>BitBuf</Filter>
    </ClInclude>
    <ClInclude Include="..\ColorType.h">
      <Filter>Datatypes</Filter>
    </ClInclude>
    <ClInclude Include="..\DatatypesModule.h">
      <Filter>Datatypes</Filter>
    </ClInclude>
    <ClInclude Include="..\VectorType.h">
      <Filter>Datatypes</Filter>
    </ClInclude>
    <ClInclude Include="..\EdictType.h">
      <Filter>Entity</Filter>
    </ClInclude>
    <ClInclude Include="..\EntityClassType.h">
      <Filter>Entity</Filter>
    </ClInclude>
    <ClInclude Include="..\EntityModule.h">
      <Filter>Entity</Filter>
    </ClInclude>
    <ClInclude Include="..\EntityType.h">
      <Filter>Entity</Filter>
    </ClInclude>
    <ClInclude Include="..\InvalidEdictExceptionType.h">
      <Filter>Entity</Filter>
    </ClInclude>
    <ClInclude Include="..\ForwardsModule.h">
      <Filter>Forwards</Filter>
    </ClInclude>
    <ClInclude Include="..\ForwardType.h">
      <Filter>Forwards</Filter>
    </ClInclude>
    <ClInclude Include="..\HalflifeModule.h">
      <Filter>Halflife</Filter>
    </ClInclude>
    <ClInclude Include="..\SourcemodModule.h">
      <Filter>SourceMod</Filter>
    </ClInclude>
    <ClInclude Include="..\LoadExtensionException.h">
      <Filter>SourceMod</Filter>
    </ClInclude>
    <ClInclude Include="..\NullReferenceExceptionType.h">
      <Filter>Sys</Filter>
    </ClInclude>
    <ClInclude Include="..\StdIoRedirect.h">
      <Filter>Sys</Filter>
    </ClInclude>
    <ClInclude Include="..\SysHooks.h">
      <Filter>Sys</Filter>
    </ClInclude>
    <ClInclude Include="..\ViperPluginManager.h" />
    <ClInclude Include="..\ForwardsClientListener.h">
      <Filter>Forwards</Filter>
    </ClInclude>
    <ClInclude Include="..\InterfaceContainer.h" />
    <ClInclude Include="..\ClientsModule.h">
      <Filter>Clients</Filter>
    </ClInclude>
    <ClInclude Include="..\ClientType.h">
      <Filter>Clients</Filter>
    </ClInclude>
    <ClInclude Include="..\InvalidEntityExceptionType.h">
      <Filter>Entity</Filter>
    </ClInclude>
    <ClInclude Include="..\ClientIndexOutOfRangeExceptionType.h">
      <Filter>Clients</Filter>
    </ClInclude>
  </ItemGroup>
  <ItemGroup>
    <None Include="..\TODO.txt" />
  </ItemGroup>
</Project>