<?xml version="1.0" encoding="utf-8"?>
<Project ToolsVersion="4.0" xmlns="http://schemas.microsoft.com/developer/msbuild/2003">
  <ItemGroup>
    <Filter Include="SDK">
      <UniqueIdentifier>{b6030219-6292-4897-8ac8-f506ad04686c}</UniqueIdentifier>
    </Filter>
    <Filter Include="SourceMod">
      <UniqueIdentifier>{7144b0a4-1cca-427e-809c-4407a7e5d532}</UniqueIdentifier>
    </Filter>
    <Filter Include="BitBuf">
      <UniqueIdentifier>{e6b51bf4-8aca-426e-bd57-76f65a8f2f34}</UniqueIdentifier>
    </Filter>
    <Filter Include="Datatypes">
      <UniqueIdentifier>{801de44d-04fa-4406-b5c7-ad3a7ec45f27}</UniqueIdentifier>
    </Filter>
    <Filter Include="Entity">
      <UniqueIdentifier>{cc9c73c6-006c-473e-8842-31bc5971aa11}</UniqueIdentifier>
    </Filter>
    <Filter Include="Forwards">
      <UniqueIdentifier>{715e68c8-55c4-4f49-bb70-5e2b8568936d}</UniqueIdentifier>
    </Filter>
    <Filter Include="Halflife">
      <UniqueIdentifier>{54923ff9-c1ac-4649-94df-8b038fd46baa}</UniqueIdentifier>
    </Filter>
    <Filter Include="Sys">
      <UniqueIdentifier>{813adaad-727f-4eaa-9acf-b62396f16db9}</UniqueIdentifier>
    </Filter>
    <Filter Include="Clients">
      <UniqueIdentifier>{9c322de6-c833-4b6c-a6e1-15e8cbda1197}</UniqueIdentifier>
    </Filter>
    <Filter Include="Events">
      <UniqueIdentifier>{e0f13246-3ff3-42c6-b559-4cd378dc4a76}</UniqueIdentifier>
    </Filter>
    <Filter Include="UserMessages">
      <UniqueIdentifier>{07bef3f4-b424-4d79-ac3e-2b9cb3f73848}</UniqueIdentifier>
    </Filter>
    <Filter Include="Console">
      <UniqueIdentifier>{ef660b08-be5b-423a-860e-00476061d7d1}</UniqueIdentifier>
    </Filter>
    <Filter Include="SDKTools">
      <UniqueIdentifier>{f3b0ba36-1647-451b-8f2a-404fe863faf0}</UniqueIdentifier>
    </Filter>
  </ItemGroup>
  <ItemGroup>
    <ClCompile Include="..\sdk\smsdk_ext.cpp">
      <Filter>SDK</Filter>
    </ClCompile>
    <ClCompile Include="..\Util.cpp" />
    <ClCompile Include="..\CompatWrappers.cpp" />
    <ClCompile Include="..\Globals.cpp" />
    <ClCompile Include="..\ViperExtension.cpp" />
    <ClCompile Include="..\ViperPlugin.cpp" />
    <ClCompile Include="..\BitBufModule.cpp">
      <Filter>BitBuf</Filter>
    </ClCompile>
    <ClCompile Include="..\ColorType.cpp">
      <Filter>Datatypes</Filter>
    </ClCompile>
    <ClCompile Include="..\DatatypesModule.cpp">
      <Filter>Datatypes</Filter>
    </ClCompile>
    <ClCompile Include="..\VectorType.cpp">
      <Filter>Datatypes</Filter>
    </ClCompile>
    <ClCompile Include="..\EntityModule.cpp">
      <Filter>Entity</Filter>
    </ClCompile>
    <ClCompile Include="..\InvalidEdictExceptionType.cpp">
      <Filter>Entity</Filter>
    </ClCompile>
    <ClCompile Include="..\ForwardsModule.cpp">
      <Filter>Forwards</Filter>
    </ClCompile>
    <ClCompile Include="..\ForwardType.cpp">
      <Filter>Forwards</Filter>
    </ClCompile>
    <ClCompile Include="..\HalflifeModule.cpp">
      <Filter>Halflife</Filter>
    </ClCompile>
    <ClCompile Include="..\SourcemodModule.cpp">
      <Filter>SourceMod</Filter>
    </ClCompile>
    <ClCompile Include="..\LoadExtensionException.cpp">
      <Filter>SourceMod</Filter>
    </ClCompile>
    <ClCompile Include="..\NullReferenceExceptionType.cpp">
      <Filter>Sys</Filter>
    </ClCompile>
    <ClCompile Include="..\StdIoRedirect.cpp">
      <Filter>Sys</Filter>
    </ClCompile>
    <ClCompile Include="..\SysHooks.cpp">
      <Filter>Sys</Filter>
    </ClCompile>
    <ClCompile Include="..\ViperPluginManager.cpp" />
    <ClCompile Include="..\InterfaceContainer.cpp" />
    <ClCompile Include="..\ForwardsClientListener.cpp">
      <Filter>Forwards</Filter>
    </ClCompile>
    <ClCompile Include="..\ClientsModule.cpp">
      <Filter>Clients</Filter>
    </ClCompile>
    <ClCompile Include="..\InvalidEntityExceptionType.cpp">
      <Filter>Entity</Filter>
    </ClCompile>
    <ClCompile Include="..\ClientIndexOutOfRangeExceptionType.cpp">
      <Filter>Clients</Filter>
    </ClCompile>
    <ClCompile Include="..\EventsModule.cpp">
      <Filter>Events</Filter>
    </ClCompile>
    <ClCompile Include="..\EventType.cpp">
      <Filter>Events</Filter>
    </ClCompile>
    <ClCompile Include="..\EventFieldType.cpp">
      <Filter>Events</Filter>
    </ClCompile>
    <ClCompile Include="..\EventFieldTypes.cpp">
      <Filter>Events</Filter>
    </ClCompile>
    <ClCompile Include="..\EventsGameEventListener.cpp">
      <Filter>Events</Filter>
    </ClCompile>
    <ClCompile Include="..\ModEventsParser.cpp">
      <Filter>Events</Filter>
    </ClCompile>
    <ClCompile Include="..\EventNoLongerValidExceptionType.cpp">
      <Filter>Events</Filter>
    </ClCompile>
    <ClCompile Include="..\InvalidEventExceptionType.cpp">
      <Filter>Events</Filter>
    </ClCompile>
    <ClCompile Include="..\EventHook.cpp">
      <Filter>Events</Filter>
    </ClCompile>
    <ClCompile Include="..\EventHookDoesNotExistExceptionType.cpp">
      <Filter>Events</Filter>
    </ClCompile>
    <ClCompile Include="..\UserMessagesModule.cpp">
      <Filter>UserMessages</Filter>
    </ClCompile>
    <ClCompile Include="..\UserMessageAlreadyStartedExceptionType.cpp">
      <Filter>UserMessages</Filter>
    </ClCompile>
    <ClCompile Include="..\BfWriteType.cpp">
      <Filter>BitBuf</Filter>
    </ClCompile>
    <ClCompile Include="..\BfReadType.cpp">
      <Filter>BitBuf</Filter>
    </ClCompile>
    <ClCompile Include="..\UserMessageNotStartedExceptionType.cpp">
      <Filter>UserMessages</Filter>
    </ClCompile>
    <ClCompile Include="..\UserMessageIDDoesNotExistExceptionType.cpp">
      <Filter>UserMessages</Filter>
    </ClCompile>
    <ClCompile Include="..\UserMessageNameDoesNotExistExceptionType.cpp">
      <Filter>UserMessages</Filter>
    </ClCompile>
    <ClCompile Include="..\ViperRecipientFilter.cpp" />
    <ClCompile Include="..\ClientDataNotAvailableExceptionType.cpp">
      <Filter>Clients</Filter>
    </ClCompile>
    <ClCompile Include="..\ClientNotConnectedExceptionType.cpp">
      <Filter>Clients</Filter>
    </ClCompile>
    <ClCompile Include="..\ClientNotInGameExceptionType.cpp">
      <Filter>Clients</Filter>
    </ClCompile>
    <ClCompile Include="..\ClientNotFakeExceptionType.cpp">
      <Filter>Clients</Filter>
    </ClCompile>
    <ClCompile Include="..\InvalidUserIdExceptionType.cpp">
      <Filter>Clients</Filter>
    </ClCompile>
    <ClCompile Include="..\InvalidClientSerialExceptionType.cpp">
      <Filter>Clients</Filter>
    </ClCompile>
    <ClCompile Include="..\EntityNotNetworkableExceptionType.cpp">
      <Filter>Entity</Filter>
    </ClCompile>
    <ClCompile Include="..\EntitySendPropertyInfoType.cpp">
      <Filter>Entity</Filter>
    </ClCompile>
    <ClCompile Include="..\InvalidSendPropertyExceptionType.cpp">
      <Filter>Entity</Filter>
    </ClCompile>
    <ClCompile Include="..\EntityDataMapInfoType.cpp">
      <Filter>Entity</Filter>
    </ClCompile>
    <ClCompile Include="..\InvalidDataMapExceptionType.cpp">
      <Filter>Entity</Filter>
    </ClCompile>
    <ClCompile Include="..\InvalidDataMapPropertyExceptionType.cpp">
      <Filter>Entity</Filter>
    </ClCompile>
    <ClCompile Include="..\EntityOffsetOutOfRangeExceptionType.cpp">
      <Filter>Entity</Filter>
    </ClCompile>
    <ClCompile Include="..\UserMessagesUserMessageListener.cpp">
      <Filter>UserMessages</Filter>
    </ClCompile>
    <ClCompile Include="..\ConsoleModule.cpp">
      <Filter>Console</Filter>
    </ClCompile>
    <ClCompile Include="..\ConsoleCommandBaseAccessor.cpp">
      <Filter>Console</Filter>
    </ClCompile>
    <ClCompile Include="..\ConsoleCommandHookInfo.cpp">
      <Filter>Console</Filter>
    </ClCompile>
    <ClCompile Include="..\ConsoleCommandInfo.cpp">
      <Filter>Console</Filter>
    </ClCompile>
    <ClCompile Include="..\ConsoleVariableInfo.cpp">
      <Filter>Console</Filter>
    </ClCompile>
    <ClCompile Include="..\ConsoleVariableType.cpp">
      <Filter>Console</Filter>
    </ClCompile>
    <ClCompile Include="..\ConsoleVariableDoesNotExistExceptionType.cpp">
      <Filter>Console</Filter>
    </ClCompile>
    <ClCompile Include="..\ClientIsFakeExceptionType.cpp">
      <Filter>Clients</Filter>
    </ClCompile>
    <ClCompile Include="..\ConsoleVariableChangedHookInfo.cpp">
      <Filter>Console</Filter>
    </ClCompile>
    <ClCompile Include="..\ConsoleClientVariableQueryInfo.cpp">
      <Filter>Console</Filter>
    </ClCompile>
    <ClCompile Include="..\ConsoleCommandDoesNotExistExceptionType.cpp">
      <Filter>Console</Filter>
    </ClCompile>
    <ClCompile Include="..\ClientNotAuthorizedExceptionType.cpp">
      <Filter>Clients</Filter>
    </ClCompile>
    <ClCompile Include="..\ViperRootConsoleCommand.cpp" />
    <ClCompile Include="..\SDKToolsModule.cpp">
      <Filter>SDKTools</Filter>
    </ClCompile>
    <ClCompile Include="..\IServerNotFoundExceptionType.cpp">
      <Filter>SDKTools</Filter>
    </ClCompile>
    <ClCompile Include="..\LightStyleOutOfRangeExceptionType.cpp">
      <Filter>SDKTools</Filter>
    </ClCompile>
    <ClCompile Include="..\SDKToolsModSupportNotAvailableExceptionType.cpp">
      <Filter>SDKTools</Filter>
    </ClCompile>
    <ClCompile Include="..\MapMustBeRunningExceptionType.cpp">
      <Filter>SDKTools</Filter>
    </ClCompile>
  </ItemGroup>
  <ItemGroup>
    <ClInclude Include="..\sdk\smsdk_config.h">
      <Filter>SDK</Filter>
    </ClInclude>
    <ClInclude Include="..\sdk\smsdk_ext.h">
      <Filter>SDK</Filter>
    </ClInclude>
    <ClInclude Include="..\sourcemod\convar_sm.h">
      <Filter>SourceMod</Filter>
    </ClInclude>
    <ClInclude Include="..\sourcemod\convar_sm_l4d.h">
      <Filter>SourceMod</Filter>
    </ClInclude>
    <ClInclude Include="..\sourcemod\convar_sm_ob.h">
      <Filter>SourceMod</Filter>
    </ClInclude>
    <ClInclude Include="..\HL2SDK.h" />
    <ClInclude Include="..\Util.h" />
    <ClInclude Include="..\STL.h" />
    <ClInclude Include="..\Macros.h" />
    <ClInclude Include="..\CompatWrappers.h" />
    <ClInclude Include="..\Globals.h" />
    <ClInclude Include="..\BoostPythonSM.h" />
    <ClInclude Include="..\ViperExtension.h" />
    <ClInclude Include="..\ViperPlugin.h" />
    <ClInclude Include="..\BitBufModule.h">
      <Filter>BitBuf</Filter>
    </ClInclude>
    <ClInclude Include="..\ColorType.h">
      <Filter>Datatypes</Filter>
    </ClInclude>
    <ClInclude Include="..\DatatypesModule.h">
      <Filter>Datatypes</Filter>
    </ClInclude>
    <ClInclude Include="..\VectorType.h">
      <Filter>Datatypes</Filter>
    </ClInclude>
    <ClInclude Include="..\EntityModule.h">
      <Filter>Entity</Filter>
    </ClInclude>
    <ClInclude Include="..\InvalidEdictExceptionType.h">
      <Filter>Entity</Filter>
    </ClInclude>
    <ClInclude Include="..\ForwardsModule.h">
      <Filter>Forwards</Filter>
    </ClInclude>
    <ClInclude Include="..\HalflifeModule.h">
      <Filter>Halflife</Filter>
    </ClInclude>
    <ClInclude Include="..\SourcemodModule.h">
      <Filter>SourceMod</Filter>
    </ClInclude>
    <ClInclude Include="..\LoadExtensionException.h">
      <Filter>SourceMod</Filter>
    </ClInclude>
    <ClInclude Include="..\NullReferenceExceptionType.h">
      <Filter>Sys</Filter>
    </ClInclude>
    <ClInclude Include="..\StdIoRedirect.h">
      <Filter>Sys</Filter>
    </ClInclude>
    <ClInclude Include="..\SysHooks.h">
      <Filter>Sys</Filter>
    </ClInclude>
    <ClInclude Include="..\ViperPluginManager.h" />
    <ClInclude Include="..\ForwardsClientListener.h">
      <Filter>Forwards</Filter>
    </ClInclude>
    <ClInclude Include="..\InterfaceContainer.h" />
    <ClInclude Include="..\ClientsModule.h">
      <Filter>Clients</Filter>
    </ClInclude>
    <ClInclude Include="..\InvalidEntityExceptionType.h">
      <Filter>Entity</Filter>
    </ClInclude>
    <ClInclude Include="..\ClientIndexOutOfRangeExceptionType.h">
      <Filter>Clients</Filter>
    </ClInclude>
    <ClInclude Include="..\EventsModule.h">
      <Filter>Events</Filter>
    </ClInclude>
    <ClInclude Include="..\EventType.h">
      <Filter>Events</Filter>
    </ClInclude>
    <ClInclude Include="..\EventFieldType.h">
      <Filter>Events</Filter>
    </ClInclude>
    <ClInclude Include="..\EventFieldTypes.h">
      <Filter>Events</Filter>
    </ClInclude>
    <ClInclude Include="..\EventsGameEventListener.h">
      <Filter>Events</Filter>
    </ClInclude>
    <ClInclude Include="..\ModEventsParser.h">
      <Filter>Events</Filter>
    </ClInclude>
    <ClInclude Include="..\EventNoLongerValidExceptionType.h">
      <Filter>Events</Filter>
    </ClInclude>
    <ClInclude Include="..\ForwardType.h">
      <Filter>Forwards</Filter>
    </ClInclude>
    <ClInclude Include="..\InvalidEventExceptionType.h">
      <Filter>Events</Filter>
    </ClInclude>
    <ClInclude Include="..\EventHook.h">
      <Filter>Events</Filter>
    </ClInclude>
    <ClInclude Include="..\EventHookModes.h">
      <Filter>Events</Filter>
    </ClInclude>
    <ClInclude Include="..\EventHookDoesNotExistExceptionType.h">
      <Filter>Events</Filter>
    </ClInclude>
    <ClInclude Include="..\UserMessagesModule.h">
      <Filter>UserMessages</Filter>
    </ClInclude>
    <ClInclude Include="..\UserMessageAlreadyStartedExceptionType.h">
      <Filter>UserMessages</Filter>
    </ClInclude>
    <ClInclude Include="..\BfWriteType.h">
      <Filter>BitBuf</Filter>
    </ClInclude>
    <ClInclude Include="..\BfReadType.h">
      <Filter>BitBuf</Filter>
    </ClInclude>
    <ClInclude Include="..\UserMessageNotStartedExceptionType.h">
      <Filter>UserMessages</Filter>
    </ClInclude>
    <ClInclude Include="..\UserMessageIDDoesNotExistExceptionType.h">
      <Filter>UserMessages</Filter>
    </ClInclude>
    <ClInclude Include="..\UserMessageNameDoesNotExistExceptionType.h">
      <Filter>UserMessages</Filter>
    </ClInclude>
    <ClInclude Include="..\ViperRecipientFilter.h" />
    <ClInclude Include="..\IEntityFactoryDictionary.h" />
    <ClInclude Include="..\ClientDataNotAvailableExceptionType.h">
      <Filter>Clients</Filter>
    </ClInclude>
    <ClInclude Include="..\ClientNotConnectedExceptionType.h">
      <Filter>Clients</Filter>
    </ClInclude>
    <ClInclude Include="..\ClientNotInGameExceptionType.h">
      <Filter>Clients</Filter>
    </ClInclude>
    <ClInclude Include="..\ClientNotFakeExceptionType.h">
      <Filter>Clients</Filter>
    </ClInclude>
    <ClInclude Include="..\InvalidUserIdExceptionType.h">
      <Filter>Clients</Filter>
    </ClInclude>
    <ClInclude Include="..\InvalidClientSerialExceptionType.h">
      <Filter>Clients</Filter>
    </ClInclude>
    <ClInclude Include="..\EntityNotNetworkableExceptionType.h">
      <Filter>Entity</Filter>
    </ClInclude>
    <ClInclude Include="..\EntityPropertyFieldTypes.h">
      <Filter>Entity</Filter>
    </ClInclude>
    <ClInclude Include="..\EntitySendPropertyInfoType.h">
      <Filter>Entity</Filter>
    </ClInclude>
    <ClInclude Include="..\InvalidSendPropertyExceptionType.h">
      <Filter>Entity</Filter>
    </ClInclude>
    <ClInclude Include="..\EntityDataMapInfoType.h">
      <Filter>Entity</Filter>
    </ClInclude>
    <ClInclude Include="..\InvalidDataMapExceptionType.h">
      <Filter>Entity</Filter>
    </ClInclude>
    <ClInclude Include="..\InvalidDataMapPropertyExceptionType.h">
      <Filter>Entity</Filter>
    </ClInclude>
    <ClInclude Include="..\EntityOffsetOutOfRangeExceptionType.h">
      <Filter>Entity</Filter>
    </ClInclude>
    <ClInclude Include="..\UserMessagesUserMessageListener.h">
      <Filter>UserMessages</Filter>
    </ClInclude>
    <ClInclude Include="..\ConsoleModule.h">
      <Filter>Console</Filter>
    </ClInclude>
    <ClInclude Include="..\ConsoleCommandBaseAccessor.h">
      <Filter>Console</Filter>
    </ClInclude>
    <ClInclude Include="..\ConsoleCommandHookInfo.h">
      <Filter>Console</Filter>
    </ClInclude>
    <ClInclude Include="..\ConsoleCommandInfo.h">
      <Filter>Console</Filter>
    </ClInclude>
    <ClInclude Include="..\ConsoleVariableInfo.h">
      <Filter>Console</Filter>
    </ClInclude>
    <ClInclude Include="..\ConsoleVariableType.h">
      <Filter>Console</Filter>
    </ClInclude>
    <ClInclude Include="..\ConsoleVariableDoesNotExistExceptionType.h">
      <Filter>Console</Filter>
    </ClInclude>
    <ClInclude Include="..\ClientIsFakeExceptionType.h">
      <Filter>Clients</Filter>
    </ClInclude>
    <ClInclude Include="..\ConsoleVariableChangedHookInfo.h">
      <Filter>Console</Filter>
    </ClInclude>
    <ClInclude Include="..\ConsoleClientVariableQueryInfo.h">
      <Filter>Console</Filter>
    </ClInclude>
    <ClInclude Include="..\ConsoleCommandDoesNotExistExceptionType.h">
      <Filter>Console</Filter>
    </ClInclude>
    <ClInclude Include="..\ClientNotAuthorizedExceptionType.h">
      <Filter>Clients</Filter>
    </ClInclude>
    <ClInclude Include="..\ViperRootConsoleCommand.h" />
    <ClInclude Include="..\ForwardFunction.h">
      <Filter>Forwards</Filter>
    </ClInclude>
    <ClInclude Include="..\IServerNotFoundExceptionType.h">
      <Filter>SDKTools</Filter>
    </ClInclude>
    <ClInclude Include="..\LightStyleOutOfRangeExceptionType.h">
      <Filter>SDKTools</Filter>
    </ClInclude>
    <ClInclude Include="..\SDKToolsModSupportNotAvailableExceptionType.h">
      <Filter>SDKTools</Filter>
    </ClInclude>
    <ClInclude Include="..\MapMustBeRunningExceptionType.h">
      <Filter>SDKTools</Filter>
    </ClInclude>
  </ItemGroup>
  <ItemGroup>
    <None Include="..\TODO.txt" />
    <None Include="..\SDKToolsModule.h">
      <Filter>SDKTools</Filter>
    </None>
  </ItemGroup>
</Project>