<?xml version="1.0" encoding="utf-8"?>
<Project ToolsVersion="4.0" xmlns="http://schemas.microsoft.com/developer/msbuild/2003">
  <ItemGroup>
    <Filter Include="SDK">
      <UniqueIdentifier>{b6030219-6292-4897-8ac8-f506ad04686c}</UniqueIdentifier>
    </Filter>
    <Filter Include="SourceMod">
      <UniqueIdentifier>{7144b0a4-1cca-427e-809c-4407a7e5d532}</UniqueIdentifier>
    </Filter>
    <Filter Include="Viper">
      <UniqueIdentifier>{ecc8006b-59b0-46e3-9d83-28c25b7059ce}</UniqueIdentifier>
    </Filter>
    <Filter Include="Viper\Modules">
      <UniqueIdentifier>{d1955c68-d691-452e-9e2e-fae6bc7f1470}</UniqueIdentifier>
    </Filter>
    <Filter Include="Viper\Modules\BitBuf">
      <UniqueIdentifier>{e6b51bf4-8aca-426e-bd57-76f65a8f2f34}</UniqueIdentifier>
    </Filter>
    <Filter Include="Viper\Modules\Sourcemod">
      <UniqueIdentifier>{f3868cb0-a88a-40ff-b1db-ed8e61c04adc}</UniqueIdentifier>
    </Filter>
    <Filter Include="Viper\Modules\Sys">
      <UniqueIdentifier>{813adaad-727f-4eaa-9acf-b62396f16db9}</UniqueIdentifier>
    </Filter>
    <Filter Include="Viper\Modules\Viper">
      <UniqueIdentifier>{6da5c376-f0c0-4d50-abd3-4c9b1c04e502}</UniqueIdentifier>
    </Filter>
    <Filter Include="Viper\Modules\Halflife">
      <UniqueIdentifier>{54923ff9-c1ac-4649-94df-8b038fd46baa}</UniqueIdentifier>
    </Filter>
  </ItemGroup>
  <ItemGroup>
    <ClCompile Include="..\sdk\smsdk_ext.cpp">
      <Filter>SDK</Filter>
    </ClCompile>
    <ClCompile Include="..\Util.cpp" />
    <ClCompile Include="..\Modules\Sourcemod\SourcemodModule.cpp">
      <Filter>Viper\Modules\Sourcemod</Filter>
    </ClCompile>
    <ClCompile Include="..\Modules\BitBuf\BitBufModule.cpp">
      <Filter>Viper\Modules\BitBuf</Filter>
    </ClCompile>
    <ClCompile Include="..\Modules\Sys\StdIoRedirect.cpp">
      <Filter>Viper\Modules\Sys</Filter>
    </ClCompile>
    <ClCompile Include="..\Modules\BitBuf\BitBufRead.cpp">
      <Filter>Viper\Modules\BitBuf</Filter>
    </ClCompile>
    <ClCompile Include="..\PluginManager.cpp">
      <Filter>Viper</Filter>
    </ClCompile>
    <ClCompile Include="..\Plugin.cpp">
      <Filter>Viper</Filter>
    </ClCompile>
    <ClCompile Include="..\Extension.cpp">
      <Filter>Viper</Filter>
    </ClCompile>
    <ClCompile Include="..\Modules\Sourcemod\LoadExtensionException.cpp">
      <Filter>Viper\Modules\Sourcemod</Filter>
    </ClCompile>
    <ClCompile Include="..\Modules\BitBuf\BitBufType.cpp">
      <Filter>Viper\Modules\BitBuf</Filter>
    </ClCompile>
    <ClCompile Include="..\Modules\BitBuf\BitBufVectorException.cpp">
      <Filter>Viper\Modules\BitBuf</Filter>
    </ClCompile>
    <ClCompile Include="..\Modules\Halflife\HalflifeModule.cpp">
      <Filter>Viper\Modules\Halflife</Filter>
    </ClCompile>
  </ItemGroup>
  <ItemGroup>
    <ClInclude Include="..\sdk\smsdk_config.h">
      <Filter>SDK</Filter>
    </ClInclude>
    <ClInclude Include="..\sdk\smsdk_ext.h">
      <Filter>SDK</Filter>
    </ClInclude>
    <ClInclude Include="..\sourcemod\convar_sm.h">
      <Filter>SourceMod</Filter>
    </ClInclude>
    <ClInclude Include="..\sourcemod\convar_sm_l4d.h">
      <Filter>SourceMod</Filter>
    </ClInclude>
    <ClInclude Include="..\sourcemod\convar_sm_ob.h">
      <Filter>SourceMod</Filter>
    </ClInclude>
    <ClInclude Include="..\HL2SDK.h" />
    <ClInclude Include="..\Util.h" />
    <ClInclude Include="..\STL.h" />
    <ClInclude Include="..\Modules\Sourcemod\SourcemodModule.h">
      <Filter>Viper\Modules\Sourcemod</Filter>
    </ClInclude>
    <ClInclude Include="..\Modules\BitBuf\BitBufModule.h">
      <Filter>Viper\Modules\BitBuf</Filter>
    </ClInclude>
    <ClInclude Include="..\Modules\Sys\StdIoRedirect.h">
      <Filter>Viper\Modules\Sys</Filter>
    </ClInclude>
    <ClInclude Include="..\Macros.h" />
    <ClInclude Include="..\Modules\BitBuf\BitBufCell.h">
      <Filter>Viper\Modules\BitBuf</Filter>
    </ClInclude>
    <ClInclude Include="..\Modules\BitBuf\BitBufRead.h">
      <Filter>Viper\Modules\BitBuf</Filter>
    </ClInclude>
    <ClInclude Include="..\PluginManager.h">
      <Filter>Viper</Filter>
    </ClInclude>
    <ClInclude Include="..\Plugin.h">
      <Filter>Viper</Filter>
    </ClInclude>
    <ClInclude Include="..\Extension.h">
      <Filter>Viper</Filter>
    </ClInclude>
    <ClInclude Include="..\Modules\Sourcemod\LoadExtensionException.h">
      <Filter>Viper\Modules\Sourcemod</Filter>
    </ClInclude>
    <ClInclude Include="..\BoostPythonSM.h">
      <Filter>Viper</Filter>
    </ClInclude>
    <ClInclude Include="..\Modules\BitBuf\BitBufTypes.h">
      <Filter>Viper\Modules\BitBuf</Filter>
    </ClInclude>
    <ClInclude Include="..\Modules\BitBuf\BitBufType.h">
      <Filter>Viper\Modules\BitBuf</Filter>
    </ClInclude>
    <ClInclude Include="..\Modules\BitBuf\BitBufVectorException.h">
      <Filter>Viper\Modules\BitBuf</Filter>
    </ClInclude>
    <ClInclude Include="..\Modules\Halflife\HalflifeModule.h">
      <Filter>Viper\Modules\Halflife</Filter>
    </ClInclude>
  </ItemGroup>
</Project>